// !$*UTF8*$!
{
	archiveVersion = 1;
	classes = {
	};
	objectVersion = 55;
	objects = {

/* Begin PBXBuildFile section */
		641C708027A8341D003C53ED /* CustomizableReelView.swift in Sources */ = {isa = PBXBuildFile; fileRef = 641C707F27A8341D003C53ED /* CustomizableReelView.swift */; };
		641C708227A83654003C53ED /* ScoringSectionView.swift in Sources */ = {isa = PBXBuildFile; fileRef = 641C708127A83654003C53ED /* ScoringSectionView.swift */; };
		641C708427A84622003C53ED /* ChipsImageView.swift in Sources */ = {isa = PBXBuildFile; fileRef = 641C708327A84622003C53ED /* ChipsImageView.swift */; };
		641C708627A84ECE003C53ED /* GameOverView.swift in Sources */ = {isa = PBXBuildFile; fileRef = 641C708527A84ECE003C53ED /* GameOverView.swift */; };
		641C708827A85A09003C53ED /* ResetView.swift in Sources */ = {isa = PBXBuildFile; fileRef = 641C708727A85A09003C53ED /* ResetView.swift */; };
		641C708A27A874CE003C53ED /* SoundPlayer.swift in Sources */ = {isa = PBXBuildFile; fileRef = 641C708927A874CE003C53ED /* SoundPlayer.swift */; };
		6466A05C27A54F7000D6AF32 /* InfoView.swift in Sources */ = {isa = PBXBuildFile; fileRef = 6466A05B27A54F7000D6AF32 /* InfoView.swift */; };
		64834A8C27A80A87004B34BA /* SlotsLogicManager.swift in Sources */ = {isa = PBXBuildFile; fileRef = 64834A8B27A80A87004B34BA /* SlotsLogicManager.swift */; };
		64CC646727A524930008A9CE /* Slots_SwiftUIApp.swift in Sources */ = {isa = PBXBuildFile; fileRef = 64CC646627A524930008A9CE /* Slots_SwiftUIApp.swift */; };
		64CC646927A524930008A9CE /* ContentView.swift in Sources */ = {isa = PBXBuildFile; fileRef = 64CC646827A524930008A9CE /* ContentView.swift */; };
		64CC646B27A524940008A9CE /* Assets.xcassets in Resources */ = {isa = PBXBuildFile; fileRef = 64CC646A27A524940008A9CE /* Assets.xcassets */; };
		64CC646E27A524940008A9CE /* Preview Assets.xcassets in Resources */ = {isa = PBXBuildFile; fileRef = 64CC646D27A524940008A9CE /* Preview Assets.xcassets */; };
		64CC647D27A5290D0008A9CE /* spin.mp3 in Resources */ = {isa = PBXBuildFile; fileRef = 64CC647527A5290C0008A9CE /* spin.mp3 */; };
		64CC647E27A5290D0008A9CE /* high-score.mp3 in Resources */ = {isa = PBXBuildFile; fileRef = 64CC647627A5290C0008A9CE /* high-score.mp3 */; };
		64CC647F27A5290D0008A9CE /* game-over.mp3 in Resources */ = {isa = PBXBuildFile; fileRef = 64CC647727A5290C0008A9CE /* game-over.mp3 */; };
		64CC648027A5290D0008A9CE /* win.mp3 in Resources */ = {isa = PBXBuildFile; fileRef = 64CC647827A5290C0008A9CE /* win.mp3 */; };
		64CC648127A5290D0008A9CE /* chimeup.mp3 in Resources */ = {isa = PBXBuildFile; fileRef = 64CC647927A5290C0008A9CE /* chimeup.mp3 */; };
		64CC648227A5290D0008A9CE /* background-music.mp3 in Resources */ = {isa = PBXBuildFile; fileRef = 64CC647A27A5290D0008A9CE /* background-music.mp3 */; };
		64CC648327A5290D0008A9CE /* riseup.mp3 in Resources */ = {isa = PBXBuildFile; fileRef = 64CC647B27A5290D0008A9CE /* riseup.mp3 */; };
		64CC648427A5290D0008A9CE /* casino-chips.mp3 in Resources */ = {isa = PBXBuildFile; fileRef = 64CC647C27A5290D0008A9CE /* casino-chips.mp3 */; };
		64CC648D27A52A170008A9CE /* Launch Screen.storyboard in Resources */ = {isa = PBXBuildFile; fileRef = 64CC648C27A52A170008A9CE /* Launch Screen.storyboard */; };
		64CC648F27A52B830008A9CE /* Constants.swift in Sources */ = {isa = PBXBuildFile; fileRef = 64CC648E27A52B830008A9CE /* Constants.swift */; };
		64CC649127A52D9A0008A9CE /* LogoView.swift in Sources */ = {isa = PBXBuildFile; fileRef = 64CC649027A52D9A0008A9CE /* LogoView.swift */; };
		64CC649527A52DE20008A9CE /* Modifiers.swift in Sources */ = {isa = PBXBuildFile; fileRef = 64CC649427A52DE20008A9CE /* Modifiers.swift */; };
		64CC649727A531920008A9CE /* Extensions.swift in Sources */ = {isa = PBXBuildFile; fileRef = 64CC649627A531920008A9CE /* Extensions.swift */; };
		64CC649A27A533810008A9CE /* ReelView.swift in Sources */ = {isa = PBXBuildFile; fileRef = 64CC649927A533810008A9CE /* ReelView.swift */; };
/* End PBXBuildFile section */

/* Begin PBXFileReference section */
		641C707F27A8341D003C53ED /* CustomizableReelView.swift */ = {isa = PBXFileReference; lastKnownFileType = sourcecode.swift; path = CustomizableReelView.swift; sourceTree = "<group>"; };
		641C708127A83654003C53ED /* ScoringSectionView.swift */ = {isa = PBXFileReference; lastKnownFileType = sourcecode.swift; path = ScoringSectionView.swift; sourceTree = "<group>"; };
		641C708327A84622003C53ED /* ChipsImageView.swift */ = {isa = PBXFileReference; lastKnownFileType = sourcecode.swift; path = ChipsImageView.swift; sourceTree = "<group>"; };
		641C708527A84ECE003C53ED /* GameOverView.swift */ = {isa = PBXFileReference; lastKnownFileType = sourcecode.swift; path = GameOverView.swift; sourceTree = "<group>"; };
		641C708727A85A09003C53ED /* ResetView.swift */ = {isa = PBXFileReference; lastKnownFileType = sourcecode.swift; path = ResetView.swift; sourceTree = "<group>"; };
		641C708927A874CE003C53ED /* SoundPlayer.swift */ = {isa = PBXFileReference; lastKnownFileType = sourcecode.swift; path = SoundPlayer.swift; sourceTree = "<group>"; };
		641C708B27A878B8003C53ED /* Slots-SwiftUI-Info.plist */ = {isa = PBXFileReference; lastKnownFileType = text.plist; path = "Slots-SwiftUI-Info.plist"; sourceTree = SOURCE_ROOT; };
		641C708C27A879DF003C53ED /* Slots SwiftUI.entitlements */ = {isa = PBXFileReference; lastKnownFileType = text.plist.entitlements; path = "Slots SwiftUI.entitlements"; sourceTree = "<group>"; };
		6466A05B27A54F7000D6AF32 /* InfoView.swift */ = {isa = PBXFileReference; lastKnownFileType = sourcecode.swift; path = InfoView.swift; sourceTree = "<group>"; };
		64834A8B27A80A87004B34BA /* SlotsLogicManager.swift */ = {isa = PBXFileReference; lastKnownFileType = sourcecode.swift; path = SlotsLogicManager.swift; sourceTree = "<group>"; };
		64CC646327A524930008A9CE /* Slots SwiftUI.app */ = {isa = PBXFileReference; explicitFileType = wrapper.application; includeInIndex = 0; path = "Slots SwiftUI.app"; sourceTree = BUILT_PRODUCTS_DIR; };
		64CC646627A524930008A9CE /* Slots_SwiftUIApp.swift */ = {isa = PBXFileReference; lastKnownFileType = sourcecode.swift; path = Slots_SwiftUIApp.swift; sourceTree = "<group>"; };
		64CC646827A524930008A9CE /* ContentView.swift */ = {isa = PBXFileReference; lastKnownFileType = sourcecode.swift; path = ContentView.swift; sourceTree = "<group>"; };
		64CC646A27A524940008A9CE /* Assets.xcassets */ = {isa = PBXFileReference; lastKnownFileType = folder.assetcatalog; path = Assets.xcassets; sourceTree = "<group>"; };
		64CC646D27A524940008A9CE /* Preview Assets.xcassets */ = {isa = PBXFileReference; lastKnownFileType = folder.assetcatalog; path = "Preview Assets.xcassets"; sourceTree = "<group>"; };
		64CC647527A5290C0008A9CE /* spin.mp3 */ = {isa = PBXFileReference; lastKnownFileType = audio.mp3; path = spin.mp3; sourceTree = "<group>"; };
		64CC647627A5290C0008A9CE /* high-score.mp3 */ = {isa = PBXFileReference; lastKnownFileType = audio.mp3; path = "high-score.mp3"; sourceTree = "<group>"; };
		64CC647727A5290C0008A9CE /* game-over.mp3 */ = {isa = PBXFileReference; lastKnownFileType = audio.mp3; path = "game-over.mp3"; sourceTree = "<group>"; };
		64CC647827A5290C0008A9CE /* win.mp3 */ = {isa = PBXFileReference; lastKnownFileType = audio.mp3; path = win.mp3; sourceTree = "<group>"; };
		64CC647927A5290C0008A9CE /* chimeup.mp3 */ = {isa = PBXFileReference; lastKnownFileType = audio.mp3; path = chimeup.mp3; sourceTree = "<group>"; };
		64CC647A27A5290D0008A9CE /* background-music.mp3 */ = {isa = PBXFileReference; lastKnownFileType = audio.mp3; path = "background-music.mp3"; sourceTree = "<group>"; };
		64CC647B27A5290D0008A9CE /* riseup.mp3 */ = {isa = PBXFileReference; lastKnownFileType = audio.mp3; path = riseup.mp3; sourceTree = "<group>"; };
		64CC647C27A5290D0008A9CE /* casino-chips.mp3 */ = {isa = PBXFileReference; lastKnownFileType = audio.mp3; path = "casino-chips.mp3"; sourceTree = "<group>"; };
		64CC648C27A52A170008A9CE /* Launch Screen.storyboard */ = {isa = PBXFileReference; lastKnownFileType = file.storyboard; path = "Launch Screen.storyboard"; sourceTree = "<group>"; };
		64CC648E27A52B830008A9CE /* Constants.swift */ = {isa = PBXFileReference; lastKnownFileType = sourcecode.swift; path = Constants.swift; sourceTree = "<group>"; };
		64CC649027A52D9A0008A9CE /* LogoView.swift */ = {isa = PBXFileReference; lastKnownFileType = sourcecode.swift; path = LogoView.swift; sourceTree = "<group>"; };
		64CC649427A52DE20008A9CE /* Modifiers.swift */ = {isa = PBXFileReference; lastKnownFileType = sourcecode.swift; path = Modifiers.swift; sourceTree = "<group>"; };
		64CC649627A531920008A9CE /* Extensions.swift */ = {isa = PBXFileReference; lastKnownFileType = sourcecode.swift; path = Extensions.swift; sourceTree = "<group>"; };
		64CC649927A533810008A9CE /* ReelView.swift */ = {isa = PBXFileReference; lastKnownFileType = sourcecode.swift; path = ReelView.swift; sourceTree = "<group>"; };
/* End PBXFileReference section */

/* Begin PBXFrameworksBuildPhase section */
		64CC646027A524930008A9CE /* Frameworks */ = {
			isa = PBXFrameworksBuildPhase;
			buildActionMask = 2147483647;
			files = (
			);
			runOnlyForDeploymentPostprocessing = 0;
		};
/* End PBXFrameworksBuildPhase section */

/* Begin PBXGroup section */
		64834A8A27A80A6F004B34BA /* View Model */ = {
			isa = PBXGroup;
			children = (
				64834A8B27A80A87004B34BA /* SlotsLogicManager.swift */,
			);
			path = "View Model";
			sourceTree = "<group>";
		};
		64CC645A27A524930008A9CE = {
			isa = PBXGroup;
			children = (
				64CC646527A524930008A9CE /* Slots SwiftUI */,
				64CC646427A524930008A9CE /* Products */,
			);
			sourceTree = "<group>";
		};
		64CC646427A524930008A9CE /* Products */ = {
			isa = PBXGroup;
			children = (
				64CC646327A524930008A9CE /* Slots SwiftUI.app */,
			);
			name = Products;
			sourceTree = "<group>";
		};
		64CC646527A524930008A9CE /* Slots SwiftUI */ = {
			isa = PBXGroup;
			children = (
				641C708C27A879DF003C53ED /* Slots SwiftUI.entitlements */,
				641C708B27A878B8003C53ED /* Slots-SwiftUI-Info.plist */,
				64834A8A27A80A6F004B34BA /* View Model */,
				64CC648927A529310008A9CE /* App */,
				64CC648727A529260008A9CE /* Utility */,
				64CC648627A529200008A9CE /* Models */,
				64CC648527A5291B0008A9CE /* Views */,
				64CC647427A529000008A9CE /* Sounds */,
				64CC646A27A524940008A9CE /* Assets.xcassets */,
				64CC646C27A524940008A9CE /* Preview Content */,
				64CC648C27A52A170008A9CE /* Launch Screen.storyboard */,
			);
			path = "Slots SwiftUI";
			sourceTree = "<group>";
		};
		64CC646C27A524940008A9CE /* Preview Content */ = {
			isa = PBXGroup;
			children = (
				64CC646D27A524940008A9CE /* Preview Assets.xcassets */,
			);
			path = "Preview Content";
			sourceTree = "<group>";
		};
		64CC647427A529000008A9CE /* Sounds */ = {
			isa = PBXGroup;
			children = (
				64CC647A27A5290D0008A9CE /* background-music.mp3 */,
				64CC647C27A5290D0008A9CE /* casino-chips.mp3 */,
				64CC647927A5290C0008A9CE /* chimeup.mp3 */,
				64CC647727A5290C0008A9CE /* game-over.mp3 */,
				64CC647627A5290C0008A9CE /* high-score.mp3 */,
				64CC647B27A5290D0008A9CE /* riseup.mp3 */,
				64CC647527A5290C0008A9CE /* spin.mp3 */,
				64CC647827A5290C0008A9CE /* win.mp3 */,
			);
			path = Sounds;
			sourceTree = "<group>";
		};
		64CC648527A5291B0008A9CE /* Views */ = {
			isa = PBXGroup;
			children = (
				64CC646827A524930008A9CE /* ContentView.swift */,
				64CC649027A52D9A0008A9CE /* LogoView.swift */,
				64CC649927A533810008A9CE /* ReelView.swift */,
				6466A05B27A54F7000D6AF32 /* InfoView.swift */,
				641C707F27A8341D003C53ED /* CustomizableReelView.swift */,
				641C708127A83654003C53ED /* ScoringSectionView.swift */,
				641C708327A84622003C53ED /* ChipsImageView.swift */,
				641C708527A84ECE003C53ED /* GameOverView.swift */,
				641C708727A85A09003C53ED /* ResetView.swift */,
			);
			path = Views;
			sourceTree = "<group>";
		};
		64CC648627A529200008A9CE /* Models */ = {
			isa = PBXGroup;
			children = (
			);
			path = Models;
			sourceTree = "<group>";
		};
		64CC648727A529260008A9CE /* Utility */ = {
			isa = PBXGroup;
			children = (
				64CC648E27A52B830008A9CE /* Constants.swift */,
				64CC649427A52DE20008A9CE /* Modifiers.swift */,
				64CC649627A531920008A9CE /* Extensions.swift */,
				641C708927A874CE003C53ED /* SoundPlayer.swift */,
			);
			path = Utility;
			sourceTree = "<group>";
		};
		64CC648927A529310008A9CE /* App */ = {
			isa = PBXGroup;
			children = (
				64CC646627A524930008A9CE /* Slots_SwiftUIApp.swift */,
			);
			path = App;
			sourceTree = "<group>";
		};
/* End PBXGroup section */

/* Begin PBXNativeTarget section */
		64CC646227A524930008A9CE /* Slots SwiftUI */ = {
			isa = PBXNativeTarget;
			buildConfigurationList = 64CC647127A524940008A9CE /* Build configuration list for PBXNativeTarget "Slots SwiftUI" */;
			buildPhases = (
				64CC645F27A524930008A9CE /* Sources */,
				64CC646027A524930008A9CE /* Frameworks */,
				64CC646127A524930008A9CE /* Resources */,
			);
			buildRules = (
			);
			dependencies = (
			);
			name = "Slots SwiftUI";
			productName = "Slots SwiftUI";
			productReference = 64CC646327A524930008A9CE /* Slots SwiftUI.app */;
			productType = "com.apple.product-type.application";
		};
/* End PBXNativeTarget section */

/* Begin PBXProject section */
		64CC645B27A524930008A9CE /* Project object */ = {
			isa = PBXProject;
			attributes = {
				BuildIndependentTargetsInParallel = 1;
				LastSwiftUpdateCheck = 1320;
				LastUpgradeCheck = 1320;
				TargetAttributes = {
					64CC646227A524930008A9CE = {
						CreatedOnToolsVersion = 13.2.1;
					};
				};
			};
			buildConfigurationList = 64CC645E27A524930008A9CE /* Build configuration list for PBXProject "Slots SwiftUI" */;
			compatibilityVersion = "Xcode 13.0";
			developmentRegion = en;
			hasScannedForEncodings = 0;
			knownRegions = (
				en,
				Base,
			);
			mainGroup = 64CC645A27A524930008A9CE;
			productRefGroup = 64CC646427A524930008A9CE /* Products */;
			projectDirPath = "";
			projectRoot = "";
			targets = (
				64CC646227A524930008A9CE /* Slots SwiftUI */,
			);
		};
/* End PBXProject section */

/* Begin PBXResourcesBuildPhase section */
		64CC646127A524930008A9CE /* Resources */ = {
			isa = PBXResourcesBuildPhase;
			buildActionMask = 2147483647;
			files = (
				64CC648327A5290D0008A9CE /* riseup.mp3 in Resources */,
				64CC648227A5290D0008A9CE /* background-music.mp3 in Resources */,
				64CC646E27A524940008A9CE /* Preview Assets.xcassets in Resources */,
				64CC647F27A5290D0008A9CE /* game-over.mp3 in Resources */,
				64CC648127A5290D0008A9CE /* chimeup.mp3 in Resources */,
				64CC647E27A5290D0008A9CE /* high-score.mp3 in Resources */,
				64CC648D27A52A170008A9CE /* Launch Screen.storyboard in Resources */,
				64CC648027A5290D0008A9CE /* win.mp3 in Resources */,
				64CC646B27A524940008A9CE /* Assets.xcassets in Resources */,
				64CC647D27A5290D0008A9CE /* spin.mp3 in Resources */,
				64CC648427A5290D0008A9CE /* casino-chips.mp3 in Resources */,
			);
			runOnlyForDeploymentPostprocessing = 0;
		};
/* End PBXResourcesBuildPhase section */

/* Begin PBXSourcesBuildPhase section */
		64CC645F27A524930008A9CE /* Sources */ = {
			isa = PBXSourcesBuildPhase;
			buildActionMask = 2147483647;
			files = (
				641C708427A84622003C53ED /* ChipsImageView.swift in Sources */,
				6466A05C27A54F7000D6AF32 /* InfoView.swift in Sources */,
				64CC646927A524930008A9CE /* ContentView.swift in Sources */,
				641C708027A8341D003C53ED /* CustomizableReelView.swift in Sources */,
				64CC649727A531920008A9CE /* Extensions.swift in Sources */,
				64CC649127A52D9A0008A9CE /* LogoView.swift in Sources */,
				641C708827A85A09003C53ED /* ResetView.swift in Sources */,
				64CC646727A524930008A9CE /* Slots_SwiftUIApp.swift in Sources */,
				64834A8C27A80A87004B34BA /* SlotsLogicManager.swift in Sources */,
				64CC649A27A533810008A9CE /* ReelView.swift in Sources */,
				641C708A27A874CE003C53ED /* SoundPlayer.swift in Sources */,
				64CC648F27A52B830008A9CE /* Constants.swift in Sources */,
				641C708227A83654003C53ED /* ScoringSectionView.swift in Sources */,
				641C708627A84ECE003C53ED /* GameOverView.swift in Sources */,
				64CC649527A52DE20008A9CE /* Modifiers.swift in Sources */,
			);
			runOnlyForDeploymentPostprocessing = 0;
		};
/* End PBXSourcesBuildPhase section */

/* Begin XCBuildConfiguration section */
		64CC646F27A524940008A9CE /* Debug */ = {
			isa = XCBuildConfiguration;
			buildSettings = {
				ALWAYS_SEARCH_USER_PATHS = NO;
				CLANG_ANALYZER_NONNULL = YES;
				CLANG_ANALYZER_NUMBER_OBJECT_CONVERSION = YES_AGGRESSIVE;
				CLANG_CXX_LANGUAGE_STANDARD = "gnu++17";
				CLANG_CXX_LIBRARY = "libc++";
				CLANG_ENABLE_MODULES = YES;
				CLANG_ENABLE_OBJC_ARC = YES;
				CLANG_ENABLE_OBJC_WEAK = YES;
				CLANG_WARN_BLOCK_CAPTURE_AUTORELEASING = YES;
				CLANG_WARN_BOOL_CONVERSION = YES;
				CLANG_WARN_COMMA = YES;
				CLANG_WARN_CONSTANT_CONVERSION = YES;
				CLANG_WARN_DEPRECATED_OBJC_IMPLEMENTATIONS = YES;
				CLANG_WARN_DIRECT_OBJC_ISA_USAGE = YES_ERROR;
				CLANG_WARN_DOCUMENTATION_COMMENTS = YES;
				CLANG_WARN_EMPTY_BODY = YES;
				CLANG_WARN_ENUM_CONVERSION = YES;
				CLANG_WARN_INFINITE_RECURSION = YES;
				CLANG_WARN_INT_CONVERSION = YES;
				CLANG_WARN_NON_LITERAL_NULL_CONVERSION = YES;
				CLANG_WARN_OBJC_IMPLICIT_RETAIN_SELF = YES;
				CLANG_WARN_OBJC_LITERAL_CONVERSION = YES;
				CLANG_WARN_OBJC_ROOT_CLASS = YES_ERROR;
				CLANG_WARN_QUOTED_INCLUDE_IN_FRAMEWORK_HEADER = YES;
				CLANG_WARN_RANGE_LOOP_ANALYSIS = YES;
				CLANG_WARN_STRICT_PROTOTYPES = YES;
				CLANG_WARN_SUSPICIOUS_MOVE = YES;
				CLANG_WARN_UNGUARDED_AVAILABILITY = YES_AGGRESSIVE;
				CLANG_WARN_UNREACHABLE_CODE = YES;
				CLANG_WARN__DUPLICATE_METHOD_MATCH = YES;
				COPY_PHASE_STRIP = NO;
				DEBUG_INFORMATION_FORMAT = dwarf;
				ENABLE_STRICT_OBJC_MSGSEND = YES;
				ENABLE_TESTABILITY = YES;
				GCC_C_LANGUAGE_STANDARD = gnu11;
				GCC_DYNAMIC_NO_PIC = NO;
				GCC_NO_COMMON_BLOCKS = YES;
				GCC_OPTIMIZATION_LEVEL = 0;
				GCC_PREPROCESSOR_DEFINITIONS = (
					"DEBUG=1",
					"$(inherited)",
				);
				GCC_WARN_64_TO_32_BIT_CONVERSION = YES;
				GCC_WARN_ABOUT_RETURN_TYPE = YES_ERROR;
				GCC_WARN_UNDECLARED_SELECTOR = YES;
				GCC_WARN_UNINITIALIZED_AUTOS = YES_AGGRESSIVE;
				GCC_WARN_UNUSED_FUNCTION = YES;
				GCC_WARN_UNUSED_VARIABLE = YES;
				IPHONEOS_DEPLOYMENT_TARGET = 15.2;
				MTL_ENABLE_DEBUG_INFO = INCLUDE_SOURCE;
				MTL_FAST_MATH = YES;
				ONLY_ACTIVE_ARCH = YES;
				SDKROOT = iphoneos;
				SWIFT_ACTIVE_COMPILATION_CONDITIONS = DEBUG;
				SWIFT_OPTIMIZATION_LEVEL = "-Onone";
			};
			name = Debug;
		};
		64CC647027A524940008A9CE /* Release */ = {
			isa = XCBuildConfiguration;
			buildSettings = {
				ALWAYS_SEARCH_USER_PATHS = NO;
				CLANG_ANALYZER_NONNULL = YES;
				CLANG_ANALYZER_NUMBER_OBJECT_CONVERSION = YES_AGGRESSIVE;
				CLANG_CXX_LANGUAGE_STANDARD = "gnu++17";
				CLANG_CXX_LIBRARY = "libc++";
				CLANG_ENABLE_MODULES = YES;
				CLANG_ENABLE_OBJC_ARC = YES;
				CLANG_ENABLE_OBJC_WEAK = YES;
				CLANG_WARN_BLOCK_CAPTURE_AUTORELEASING = YES;
				CLANG_WARN_BOOL_CONVERSION = YES;
				CLANG_WARN_COMMA = YES;
				CLANG_WARN_CONSTANT_CONVERSION = YES;
				CLANG_WARN_DEPRECATED_OBJC_IMPLEMENTATIONS = YES;
				CLANG_WARN_DIRECT_OBJC_ISA_USAGE = YES_ERROR;
				CLANG_WARN_DOCUMENTATION_COMMENTS = YES;
				CLANG_WARN_EMPTY_BODY = YES;
				CLANG_WARN_ENUM_CONVERSION = YES;
				CLANG_WARN_INFINITE_RECURSION = YES;
				CLANG_WARN_INT_CONVERSION = YES;
				CLANG_WARN_NON_LITERAL_NULL_CONVERSION = YES;
				CLANG_WARN_OBJC_IMPLICIT_RETAIN_SELF = YES;
				CLANG_WARN_OBJC_LITERAL_CONVERSION = YES;
				CLANG_WARN_OBJC_ROOT_CLASS = YES_ERROR;
				CLANG_WARN_QUOTED_INCLUDE_IN_FRAMEWORK_HEADER = YES;
				CLANG_WARN_RANGE_LOOP_ANALYSIS = YES;
				CLANG_WARN_STRICT_PROTOTYPES = YES;
				CLANG_WARN_SUSPICIOUS_MOVE = YES;
				CLANG_WARN_UNGUARDED_AVAILABILITY = YES_AGGRESSIVE;
				CLANG_WARN_UNREACHABLE_CODE = YES;
				CLANG_WARN__DUPLICATE_METHOD_MATCH = YES;
				COPY_PHASE_STRIP = NO;
				DEBUG_INFORMATION_FORMAT = "dwarf-with-dsym";
				ENABLE_NS_ASSERTIONS = NO;
				ENABLE_STRICT_OBJC_MSGSEND = YES;
				GCC_C_LANGUAGE_STANDARD = gnu11;
				GCC_NO_COMMON_BLOCKS = YES;
				GCC_WARN_64_TO_32_BIT_CONVERSION = YES;
				GCC_WARN_ABOUT_RETURN_TYPE = YES_ERROR;
				GCC_WARN_UNDECLARED_SELECTOR = YES;
				GCC_WARN_UNINITIALIZED_AUTOS = YES_AGGRESSIVE;
				GCC_WARN_UNUSED_FUNCTION = YES;
				GCC_WARN_UNUSED_VARIABLE = YES;
				IPHONEOS_DEPLOYMENT_TARGET = 15.2;
				MTL_ENABLE_DEBUG_INFO = NO;
				MTL_FAST_MATH = YES;
				SDKROOT = iphoneos;
				SWIFT_COMPILATION_MODE = wholemodule;
				SWIFT_OPTIMIZATION_LEVEL = "-O";
				VALIDATE_PRODUCT = YES;
			};
			name = Release;
		};
		64CC647227A524940008A9CE /* Debug */ = {
			isa = XCBuildConfiguration;
			buildSettings = {
				ASSETCATALOG_COMPILER_APPICON_NAME = AppIcon;
				ASSETCATALOG_COMPILER_GLOBAL_ACCENT_COLOR_NAME = AccentColor;
				CODE_SIGN_ENTITLEMENTS = "Slots SwiftUI/Slots SwiftUI.entitlements";
				CODE_SIGN_STYLE = Automatic;
				CURRENT_PROJECT_VERSION = 1;
				DEVELOPMENT_ASSET_PATHS = "\"Slots SwiftUI/Preview Content\"";
				DEVELOPMENT_TEAM = 453J5S23QT;
				ENABLE_PREVIEWS = YES;
				GENERATE_INFOPLIST_FILE = YES;
				INFOPLIST_FILE = "Slots-SwiftUI-Info.plist";
				INFOPLIST_KEY_UIApplicationSceneManifest_Generation = YES;
				INFOPLIST_KEY_UIApplicationSupportsIndirectInputEvents = YES;
				INFOPLIST_KEY_UILaunchScreen_Generation = YES;
				INFOPLIST_KEY_UILaunchStoryboardName = "Launch Screen";
				INFOPLIST_KEY_UISupportedInterfaceOrientations = UIInterfaceOrientationPortrait;
				INFOPLIST_KEY_UISupportedInterfaceOrientations_iPad = "UIInterfaceOrientationPortrait UIInterfaceOrientationPortraitUpsideDown UIInterfaceOrientationLandscapeLeft UIInterfaceOrientationLandscapeRight";
				INFOPLIST_KEY_UISupportedInterfaceOrientations_iPhone = UIInterfaceOrientationPortrait;
				LD_RUNPATH_SEARCH_PATHS = (
					"$(inherited)",
					"@executable_path/Frameworks",
				);
				MARKETING_VERSION = 1.0;
				PRODUCT_BUNDLE_IDENTIFIER = "com.shmorado.Slots-SwiftUI";
				PRODUCT_NAME = "$(TARGET_NAME)";
				SUPPORTS_MACCATALYST = YES;
				SWIFT_EMIT_LOC_STRINGS = YES;
				SWIFT_VERSION = 5.0;
				TARGETED_DEVICE_FAMILY = "1,2";
			};
			name = Debug;
		};
		64CC647327A524940008A9CE /* Release */ = {
			isa = XCBuildConfiguration;
			buildSettings = {
				ASSETCATALOG_COMPILER_APPICON_NAME = AppIcon;
				ASSETCATALOG_COMPILER_GLOBAL_ACCENT_COLOR_NAME = AccentColor;
				CODE_SIGN_ENTITLEMENTS = "Slots SwiftUI/Slots SwiftUI.entitlements";
				CODE_SIGN_STYLE = Automatic;
				CURRENT_PROJECT_VERSION = 1;
				DEVELOPMENT_ASSET_PATHS = "\"Slots SwiftUI/Preview Content\"";
				DEVELOPMENT_TEAM = 453J5S23QT;
				ENABLE_PREVIEWS = YES;
				GENERATE_INFOPLIST_FILE = YES;
				INFOPLIST_FILE = "Slots-SwiftUI-Info.plist";
				INFOPLIST_KEY_UIApplicationSceneManifest_Generation = YES;
				INFOPLIST_KEY_UIApplicationSupportsIndirectInputEvents = YES;
				INFOPLIST_KEY_UILaunchScreen_Generation = YES;
				INFOPLIST_KEY_UILaunchStoryboardName = "Launch Screen";
				INFOPLIST_KEY_UISupportedInterfaceOrientations = UIInterfaceOrientationPortrait;
				INFOPLIST_KEY_UISupportedInterfaceOrientations_iPad = "UIInterfaceOrientationPortrait UIInterfaceOrientationPortraitUpsideDown UIInterfaceOrientationLandscapeLeft UIInterfaceOrientationLandscapeRight";
				INFOPLIST_KEY_UISupportedInterfaceOrientations_iPhone = UIInterfaceOrientationPortrait;
				LD_RUNPATH_SEARCH_PATHS = (
					"$(inherited)",
					"@executable_path/Frameworks",
				);
				MARKETING_VERSION = 1.0;
				PRODUCT_BUNDLE_IDENTIFIER = "com.shmorado.Slots-SwiftUI";
				PRODUCT_NAME = "$(TARGET_NAME)";
				SUPPORTS_MACCATALYST = YES;
				SWIFT_EMIT_LOC_STRINGS = YES;
				SWIFT_VERSION = 5.0;
				TARGETED_DEVICE_FAMILY = "1,2";
			};
			name = Release;
		};
/* End XCBuildConfiguration section */

/* Begin XCConfigurationList section */
		64CC645E27A524930008A9CE /* Build configuration list for PBXProject "Slots SwiftUI" */ = {
			isa = XCConfigurationList;
			buildConfigurations = (
				64CC646F27A524940008A9CE /* Debug */,
				64CC647027A524940008A9CE /* Release */,
			);
			defaultConfigurationIsVisible = 0;
			defaultConfigurationName = Release;
		};
		64CC647127A524940008A9CE /* Build configuration list for PBXNativeTarget "Slots SwiftUI" */ = {
			isa = XCConfigurationList;
			buildConfigurations = (
				64CC647227A524940008A9CE /* Debug */,
				64CC647327A524940008A9CE /* Release */,
			);
			defaultConfigurationIsVisible = 0;
			defaultConfigurationName = Release;
		};
/* End XCConfigurationList section */
	};
	rootObject = 64CC645B27A524930008A9CE /* Project object */;
}
